
Microsoft Visual Studio Solution File, Format Version 12.00
# Visual Studio Version 16
VisualStudioVersion = 16.0.30907.101
MinimumVisualStudioVersion = 10.0.40219.1
Project("{FAE04EC0-301F-11D3-BF4B-00C04F79EFBC}") = "Curs8PAW", "Curs8PAW.csproj", "{130152A0-187F-4698-BA70-B6C0999EBD75}"
EndProject
Global
	GlobalSection(SolutionConfigurationPlatforms) = preSolution
		Debug|Any CPU = Debug|Any CPU
		Release|Any CPU = Release|Any CPU
	EndGlobalSection
	GlobalSection(ProjectConfigurationPlatforms) = postSolution
		{130152A0-187F-4698-BA70-B6C0999EBD75}.Debug|Any CPU.ActiveCfg = Debug|Any CPU
		{130152A0-187F-4698-BA70-B6C0999EBD75}.Debug|Any CPU.Build.0 = Debug|Any CPU
		{130152A0-187F-4698-BA70-B6C0999EBD75}.Release|Any CPU.ActiveCfg = Release|Any CPU
		{130152A0-187F-4698-BA70-B6C0999EBD75}.Release|Any CPU.Build.0 = Release|Any CPU
	EndGlobalSection
	GlobalSection(SolutionProperties) = preSolution
		HideSolutionNode = FALSE
	EndGlobalSection
	GlobalSection(ExtensibilityGlobals) = postSolution
		SolutionGuid = {7DF292EA-96AF-472A-A5CE-FB96F4B67546}
	EndGlobalSection
EndGlobal
