
Microsoft Visual Studio Solution File, Format Version 12.00
# Visual Studio Version 16
VisualStudioVersion = 16.0.30907.101
MinimumVisualStudioVersion = 10.0.40219.1
Project("{FAE04EC0-301F-11D3-BF4B-00C04F79EFBC}") = "Sem2PAW_1052", "Sem2PAW_1052.csproj", "{B53AC137-0E1D-4E6A-BC4A-B05EDBEF67EC}"
EndProject
Global
	GlobalSection(SolutionConfigurationPlatforms) = preSolution
		Debug|Any CPU = Debug|Any CPU
		Release|Any CPU = Release|Any CPU
	EndGlobalSection
	GlobalSection(ProjectConfigurationPlatforms) = postSolution
		{B53AC137-0E1D-4E6A-BC4A-B05EDBEF67EC}.Debug|Any CPU.ActiveCfg = Debug|Any CPU
		{B53AC137-0E1D-4E6A-BC4A-B05EDBEF67EC}.Debug|Any CPU.Build.0 = Debug|Any CPU
		{B53AC137-0E1D-4E6A-BC4A-B05EDBEF67EC}.Release|Any CPU.ActiveCfg = Release|Any CPU
		{B53AC137-0E1D-4E6A-BC4A-B05EDBEF67EC}.Release|Any CPU.Build.0 = Release|Any CPU
	EndGlobalSection
	GlobalSection(SolutionProperties) = preSolution
		HideSolutionNode = FALSE
	EndGlobalSection
	GlobalSection(ExtensibilityGlobals) = postSolution
		SolutionGuid = {525E163F-7FFD-44EE-A1A1-721464394F49}
	EndGlobalSection
EndGlobal
