
Microsoft Visual Studio Solution File, Format Version 12.00
# Visual Studio Version 16
VisualStudioVersion = 16.0.30907.101
MinimumVisualStudioVersion = 10.0.40219.1
Project("{FAE04EC0-301F-11D3-BF4B-00C04F79EFBC}") = "WindowsFormsApp1", "WindowsFormsApp1.csproj", "{50A29EBA-1EFA-439D-A320-C0940073162B}"
EndProject
Global
	GlobalSection(SolutionConfigurationPlatforms) = preSolution
		Debug|Any CPU = Debug|Any CPU
		Release|Any CPU = Release|Any CPU
	EndGlobalSection
	GlobalSection(ProjectConfigurationPlatforms) = postSolution
		{50A29EBA-1EFA-439D-A320-C0940073162B}.Debug|Any CPU.ActiveCfg = Debug|Any CPU
		{50A29EBA-1EFA-439D-A320-C0940073162B}.Debug|Any CPU.Build.0 = Debug|Any CPU
		{50A29EBA-1EFA-439D-A320-C0940073162B}.Release|Any CPU.ActiveCfg = Release|Any CPU
		{50A29EBA-1EFA-439D-A320-C0940073162B}.Release|Any CPU.Build.0 = Release|Any CPU
	EndGlobalSection
	GlobalSection(SolutionProperties) = preSolution
		HideSolutionNode = FALSE
	EndGlobalSection
	GlobalSection(ExtensibilityGlobals) = postSolution
		SolutionGuid = {C1C3671A-4B4E-47E5-A0B3-20BD44C50934}
	EndGlobalSection
EndGlobal
