
Microsoft Visual Studio Solution File, Format Version 12.00
# Visual Studio Version 16
VisualStudioVersion = 16.0.30907.101
MinimumVisualStudioVersion = 10.0.40219.1
Project("{FAE04EC0-301F-11D3-BF4B-00C04F79EFBC}") = "Sem7PAW_1052", "Sem7PAW_1052.csproj", "{826E3346-4004-49CC-B65A-9E5B259DAD8A}"
EndProject
Global
	GlobalSection(SolutionConfigurationPlatforms) = preSolution
		Debug|Any CPU = Debug|Any CPU
		Release|Any CPU = Release|Any CPU
	EndGlobalSection
	GlobalSection(ProjectConfigurationPlatforms) = postSolution
		{826E3346-4004-49CC-B65A-9E5B259DAD8A}.Debug|Any CPU.ActiveCfg = Debug|Any CPU
		{826E3346-4004-49CC-B65A-9E5B259DAD8A}.Debug|Any CPU.Build.0 = Debug|Any CPU
		{826E3346-4004-49CC-B65A-9E5B259DAD8A}.Release|Any CPU.ActiveCfg = Release|Any CPU
		{826E3346-4004-49CC-B65A-9E5B259DAD8A}.Release|Any CPU.Build.0 = Release|Any CPU
	EndGlobalSection
	GlobalSection(SolutionProperties) = preSolution
		HideSolutionNode = FALSE
	EndGlobalSection
	GlobalSection(ExtensibilityGlobals) = postSolution
		SolutionGuid = {86E2B010-5776-40AC-8DE0-2F595C06C75A}
	EndGlobalSection
EndGlobal
